
Microsoft Visual Studio Solution File, Format Version 12.00
# Visual Studio Version 17
VisualStudioVersion = 17.10.35027.167
MinimumVisualStudioVersion = 10.0.40219.1
Project("{9A19103F-16F7-4668-BE54-9A1E7A4F7556}") = "PRACTICE FOR FINAL", "PRACTICE FOR FINAL\PRACTICE FOR FINAL.csproj", "{EBAF4AA1-B65D-49C9-9B72-6D57EC665ADE}"
EndProject
Project("{FAE04EC0-301F-11D3-BF4B-00C04F79EFBC}") = "FINAL1", "FINAL1\FINAL1.csproj", "{859654F5-8459-4AD4-B1AE-B9D61AF9100E}"
EndProject
Global
	GlobalSection(SolutionConfigurationPlatforms) = preSolution
		Debug|Any CPU = Debug|Any CPU
		Release|Any CPU = Release|Any CPU
	EndGlobalSection
	GlobalSection(ProjectConfigurationPlatforms) = postSolution
		{EBAF4AA1-B65D-49C9-9B72-6D57EC665ADE}.Debug|Any CPU.ActiveCfg = Debug|Any CPU
		{EBAF4AA1-B65D-49C9-9B72-6D57EC665ADE}.Debug|Any CPU.Build.0 = Debug|Any CPU
		{EBAF4AA1-B65D-49C9-9B72-6D57EC665ADE}.Release|Any CPU.ActiveCfg = Release|Any CPU
		{EBAF4AA1-B65D-49C9-9B72-6D57EC665ADE}.Release|Any CPU.Build.0 = Release|Any CPU
		{859654F5-8459-4AD4-B1AE-B9D61AF9100E}.Debug|Any CPU.ActiveCfg = Debug|Any CPU
		{859654F5-8459-4AD4-B1AE-B9D61AF9100E}.Debug|Any CPU.Build.0 = Debug|Any CPU
		{859654F5-8459-4AD4-B1AE-B9D61AF9100E}.Release|Any CPU.ActiveCfg = Release|Any CPU
		{859654F5-8459-4AD4-B1AE-B9D61AF9100E}.Release|Any CPU.Build.0 = Release|Any CPU
	EndGlobalSection
	GlobalSection(SolutionProperties) = preSolution
		HideSolutionNode = FALSE
	EndGlobalSection
	GlobalSection(ExtensibilityGlobals) = postSolution
		SolutionGuid = {9D748EA5-32C9-454B-A420-3DA8A1C02905}
	EndGlobalSection
EndGlobal
